
Microsoft Visual Studio Solution File, Format Version 12.00
# Visual Studio Version 17
VisualStudioVersion = 17.11.35222.181
MinimumVisualStudioVersion = 10.0.40219.1
Project("{FAE04EC0-301F-11D3-BF4B-00C04F79EFBC}") = "ECommerce.Api.WebAPI", "ECommerce.Api.WebAPI\ECommerce.Api.WebAPI.csproj", "{0E613E20-8738-4A30-9EAE-E35272126245}"
EndProject
Global
	GlobalSection(SolutionConfigurationPlatforms) = preSolution
		Debug|Any CPU = Debug|Any CPU
		Release|Any CPU = Release|Any CPU
	EndGlobalSection
	GlobalSection(ProjectConfigurationPlatforms) = postSolution
		{0E613E20-8738-4A30-9EAE-E35272126245}.Debug|Any CPU.ActiveCfg = Debug|Any CPU
		{0E613E20-8738-4A30-9EAE-E35272126245}.Debug|Any CPU.Build.0 = Debug|Any CPU
		{0E613E20-8738-4A30-9EAE-E35272126245}.Release|Any CPU.ActiveCfg = Release|Any CPU
		{0E613E20-8738-4A30-9EAE-E35272126245}.Release|Any CPU.Build.0 = Release|Any CPU
	EndGlobalSection
	GlobalSection(SolutionProperties) = preSolution
		HideSolutionNode = FALSE
	EndGlobalSection
	GlobalSection(ExtensibilityGlobals) = postSolution
		SolutionGuid = {61FA3872-876A-44D5-9530-CA7AC3A7B96F}
	EndGlobalSection
EndGlobal
